<?xml version="1.0" encoding="utf-8"?>
<Project ToolsVersion="4.0" xmlns="http://schemas.microsoft.com/developer/msbuild/2003">
  <ItemGroup>
    <Filter Include="Source Files">
      <UniqueIdentifier>{4FC737F1-C7A5-4376-A066-2A32D752A2FF}</UniqueIdentifier>
      <Extensions>cpp;c;cc;cxx;def;odl;idl;hpj;bat;asm;asmx</Extensions>
    </Filter>
    <Filter Include="Header Files">
      <UniqueIdentifier>{93995380-89BD-4b04-88EB-625FBE52EBFB}</UniqueIdentifier>
      <Extensions>h;hh;hpp;hxx;hm;inl;inc;xsd</Extensions>
    </Filter>
    <Filter Include="Resource Files">
      <UniqueIdentifier>{67DA6AB6-F800-4c08-8B7A-83BB121AAD01}</UniqueIdentifier>
      <Extensions>rc;ico;cur;bmp;dlg;rc2;rct;bin;rgs;gif;jpg;jpeg;jpe;resx;tiff;tif;png;wav</Extensions>
    </Filter>
  </ItemGroup>
  <ItemGroup>
    <ClCompile Include="image\color.cpp">
      <Filter>Source Files</Filter>
    </ClCompile>
    <ClCompile Include="image\image.cpp">
      <Filter>Source Files</Filter>
    </ClCompile>
    <ClCompile Include="image\image_zbuffer.cpp">
      <Filter>Source Files</Filter>
    </ClCompile>
    <ClCompile Include="image\ivec2.cpp">
      <Filter>Source Files</Filter>
    </ClCompile>
    <ClCompile Include="image\texture.cpp">
      <Filter>Source Files</Filter>
    </ClCompile>
    <ClCompile Include="image\io\image_ppm.cpp">
      <Filter>Source Files</Filter>
    </ClCompile>
    <ClCompile Include="lib\3d\mat1x4.cpp">
      <Filter>Source Files</Filter>
    </ClCompile>
    <ClCompile Include="lib\3d\mat2.cpp">
      <Filter>Source Files</Filter>
    </ClCompile>
    <ClCompile Include="lib\3d\mat3.cpp">
      <Filter>Source Files</Filter>
    </ClCompile>
    <ClCompile Include="lib\3d\mat4.cpp">
      <Filter>Source Files</Filter>
    </ClCompile>
    <ClCompile Include="lib\3d\mat4x1.cpp">
      <Filter>Source Files</Filter>
    </ClCompile>
    <ClCompile Include="lib\3d\quaternion.cpp">
      <Filter>Source Files</Filter>
    </ClCompile>
    <ClCompile Include="lib\3d\vec2.cpp">
      <Filter>Source Files</Filter>
    </ClCompile>
    <ClCompile Include="lib\3d\vec3.cpp">
      <Filter>Source Files</Filter>
    </ClCompile>
    <ClCompile Include="lib\3d\vec4.cpp">
      <Filter>Source Files</Filter>
    </ClCompile>
    <ClCompile Include="lib\common\backtrace.cpp">
      <Filter>Source Files</Filter>
    </ClCompile>
    <ClCompile Include="lib\common\basic_functions.cpp">
      <Filter>Source Files</Filter>
    </ClCompile>
    <ClCompile Include="lib\common\exception_cpe.cpp">
      <Filter>Source Files</Filter>
    </ClCompile>
    <ClCompile Include="lib\mesh\mesh.cpp">
      <Filter>Source Files</Filter>
    </ClCompile>
    <ClCompile Include="lib\mesh\mesh_basic.cpp">
      <Filter>Source Files</Filter>
    </ClCompile>
    <ClCompile Include="lib\mesh\mesh_io.cpp">
      <Filter>Source Files</Filter>
    </ClCompile>
    <ClCompile Include="lib\mesh\mesh_parametric.cpp">
      <Filter>Source Files</Filter>
    </ClCompile>
    <ClCompile Include="lib\mesh\triangle_index.cpp">
      <Filter>Source Files</Filter>
    </ClCompile>
    <ClCompile Include="lib\mesh\format\mesh_io_obj.cpp">
      <Filter>Source Files</Filter>
    </ClCompile>
    <ClCompile Include="lib\mesh\format\mesh_io_off.cpp">
      <Filter>Source Files</Filter>
    </ClCompile>
    <ClCompile Include="local\main.cpp">
      <Filter>Source Files</Filter>
    </ClCompile>
    <ClCompile Include="ray_tracing\primitives\intersection_data.cpp">
      <Filter>Source Files</Filter>
    </ClCompile>
    <ClCompile Include="ray_tracing\primitives\plane.cpp">
      <Filter>Source Files</Filter>
    </ClCompile>
    <ClCompile Include="ray_tracing\primitives\primitive_basic.cpp">
      <Filter>Source Files</Filter>
    </ClCompile>
    <ClCompile Include="ray_tracing\primitives\sphere.cpp">
      <Filter>Source Files</Filter>
    </ClCompile>
    <ClCompile Include="ray_tracing\render_engine\render_engine.cpp">
      <Filter>Source Files</Filter>
    </ClCompile>
    <ClCompile Include="ray_tracing\scene\anti_aliasing_table.cpp">
      <Filter>Source Files</Filter>
    </ClCompile>
    <ClCompile Include="ray_tracing\scene\camera.cpp">
      <Filter>Source Files</Filter>
    </ClCompile>
    <ClCompile Include="ray_tracing\scene\light.cpp">
      <Filter>Source Files</Filter>
    </ClCompile>
    <ClCompile Include="ray_tracing\scene\material.cpp">
      <Filter>Source Files</Filter>
    </ClCompile>
    <ClCompile Include="ray_tracing\scene\ray.cpp">
      <Filter>Source Files</Filter>
    </ClCompile>
    <ClCompile Include="ray_tracing\scene\scene_parameter.cpp">
      <Filter>Source Files</Filter>
    </ClCompile>
    <ClCompile Include="ray_tracing\scene\shading_parameter.cpp">
      <Filter>Source Files</Filter>
    </ClCompile>
  </ItemGroup>
  <ItemGroup>
    <ClInclude Include="image\color.hpp">
      <Filter>Header Files</Filter>
    </ClInclude>
    <ClInclude Include="image\image.hpp">
      <Filter>Header Files</Filter>
    </ClInclude>
    <ClInclude Include="image\image_zbuffer.hpp">
      <Filter>Header Files</Filter>
    </ClInclude>
    <ClInclude Include="image\ivec2.hpp">
      <Filter>Header Files</Filter>
    </ClInclude>
    <ClInclude Include="image\texture.hpp">
      <Filter>Header Files</Filter>
    </ClInclude>
    <ClInclude Include="image\io\image_ppm.hpp">
      <Filter>Header Files</Filter>
    </ClInclude>
    <ClInclude Include="image\template\image_basic.hpp">
      <Filter>Header Files</Filter>
    </ClInclude>
    <ClInclude Include="lib\3d\mat1x4.hpp">
      <Filter>Header Files</Filter>
    </ClInclude>
    <ClInclude Include="lib\3d\mat2.hpp">
      <Filter>Header Files</Filter>
    </ClInclude>
    <ClInclude Include="lib\3d\mat3.hpp">
      <Filter>Header Files</Filter>
    </ClInclude>
    <ClInclude Include="lib\3d\mat4.hpp">
      <Filter>Header Files</Filter>
    </ClInclude>
    <ClInclude Include="lib\3d\mat4x1.hpp">
      <Filter>Header Files</Filter>
    </ClInclude>
    <ClInclude Include="lib\3d\quaternion.hpp">
      <Filter>Header Files</Filter>
    </ClInclude>
    <ClInclude Include="lib\3d\vec2.hpp">
      <Filter>Header Files</Filter>
    </ClInclude>
    <ClInclude Include="lib\3d\vec3.hpp">
      <Filter>Header Files</Filter>
    </ClInclude>
    <ClInclude Include="lib\3d\vec4.hpp">
      <Filter>Header Files</Filter>
    </ClInclude>
    <ClInclude Include="lib\common\backtrace.hpp">
      <Filter>Header Files</Filter>
    </ClInclude>
    <ClInclude Include="lib\common\basic_functions.hpp">
      <Filter>Header Files</Filter>
    </ClInclude>
    <ClInclude Include="lib\common\error_handling.hpp">
      <Filter>Header Files</Filter>
    </ClInclude>
    <ClInclude Include="lib\common\exception_cpe.hpp">
      <Filter>Header Files</Filter>
    </ClInclude>
    <ClInclude Include="lib\mesh\mesh.hpp">
      <Filter>Header Files</Filter>
    </ClInclude>
    <ClInclude Include="lib\mesh\mesh_basic.hpp">
      <Filter>Header Files</Filter>
    </ClInclude>
    <ClInclude Include="lib\mesh\mesh_io.hpp">
      <Filter>Header Files</Filter>
    </ClInclude>
    <ClInclude Include="lib\mesh\mesh_parametric.hpp">
      <Filter>Header Files</Filter>
    </ClInclude>
    <ClInclude Include="lib\mesh\triangle_index.hpp">
      <Filter>Header Files</Filter>
    </ClInclude>
    <ClInclude Include="lib\mesh\format\mesh_io_obj.hpp">
      <Filter>Header Files</Filter>
    </ClInclude>
    <ClInclude Include="lib\mesh\format\mesh_io_off.hpp">
      <Filter>Header Files</Filter>
    </ClInclude>
    <ClInclude Include="ray_tracing\primitives\intersection_data.hpp">
      <Filter>Header Files</Filter>
    </ClInclude>
    <ClInclude Include="ray_tracing\primitives\plane.hpp">
      <Filter>Header Files</Filter>
    </ClInclude>
    <ClInclude Include="ray_tracing\primitives\primitive_basic.hpp">
      <Filter>Header Files</Filter>
    </ClInclude>
    <ClInclude Include="ray_tracing\primitives\sphere.hpp">
      <Filter>Header Files</Filter>
    </ClInclude>
    <ClInclude Include="ray_tracing\render_engine\render_engine.hpp">
      <Filter>Header Files</Filter>
    </ClInclude>
    <ClInclude Include="ray_tracing\scene\anti_aliasing_table.hpp">
      <Filter>Header Files</Filter>
    </ClInclude>
    <ClInclude Include="ray_tracing\scene\camera.hpp">
      <Filter>Header Files</Filter>
    </ClInclude>
    <ClInclude Include="ray_tracing\scene\light.hpp">
      <Filter>Header Files</Filter>
    </ClInclude>
    <ClInclude Include="ray_tracing\scene\material.hpp">
      <Filter>Header Files</Filter>
    </ClInclude>
    <ClInclude Include="ray_tracing\scene\ray.hpp">
      <Filter>Header Files</Filter>
    </ClInclude>
    <ClInclude Include="ray_tracing\scene\scene_parameter.hpp">
      <Filter>Header Files</Filter>
    </ClInclude>
    <ClInclude Include="ray_tracing\scene\shading_parameter.hpp">
      <Filter>Header Files</Filter>
    </ClInclude>
  </ItemGroup>
</Project>